
Microsoft Visual Studio Solution File, Format Version 12.00
# Visual Studio 15
VisualStudioVersion = 15.0.28307.421
MinimumVisualStudioVersion = 10.0.40219.1
Project("{FAE04EC0-301F-11D3-BF4B-00C04F79EFBC}") = "Zouk.Lessons.Tools", "Zouk.Lessons.Tools\Zouk.Lessons.Tools.csproj", "{DF73AE8B-EF01-4AD8-8058-298739F1BFA9}"
EndProject
Global
	GlobalSection(SolutionConfigurationPlatforms) = preSolution
		Debug|Any CPU = Debug|Any CPU
		Release|Any CPU = Release|Any CPU
	EndGlobalSection
	GlobalSection(ProjectConfigurationPlatforms) = postSolution
		{DF73AE8B-EF01-4AD8-8058-298739F1BFA9}.Debug|Any CPU.ActiveCfg = Debug|Any CPU
		{DF73AE8B-EF01-4AD8-8058-298739F1BFA9}.Debug|Any CPU.Build.0 = Debug|Any CPU
		{DF73AE8B-EF01-4AD8-8058-298739F1BFA9}.Release|Any CPU.ActiveCfg = Release|Any CPU
		{DF73AE8B-EF01-4AD8-8058-298739F1BFA9}.Release|Any CPU.Build.0 = Release|Any CPU
	EndGlobalSection
	GlobalSection(SolutionProperties) = preSolution
		HideSolutionNode = FALSE
	EndGlobalSection
	GlobalSection(ExtensibilityGlobals) = postSolution
		SolutionGuid = {88E80C06-CCB6-45E3-94CF-1941EF2DF40B}
	EndGlobalSection
EndGlobal
